// !$*UTF8*$!
{
	archiveVersion = 1;
	classes = {
	};
	objectVersion = 56;
	objects = {

/* Begin PBXBuildFile section */
		6F2485B22A601049003A6DAA /* ViewTweetView.swift in Sources */ = {isa = PBXBuildFile; fileRef = 6F2485B12A601049003A6DAA /* ViewTweetView.swift */; };
		6F2485B42A6011EE003A6DAA /* TextArea.swift in Sources */ = {isa = PBXBuildFile; fileRef = 6F2485B32A6011EE003A6DAA /* TextArea.swift */; };
		6F2485B72A601C94003A6DAA /* SplashScreenView.swift in Sources */ = {isa = PBXBuildFile; fileRef = 6F2485B62A601C94003A6DAA /* SplashScreenView.swift */; };
		6F28D12B2A4924D70054705A /* MainTabView.swift in Sources */ = {isa = PBXBuildFile; fileRef = 6F28D12A2A4924D70054705A /* MainTabView.swift */; };
		6F28D1322A4927C80054705A /* ExploreView.swift in Sources */ = {isa = PBXBuildFile; fileRef = 6F28D1312A4927C80054705A /* ExploreView.swift */; };
		6F28D1342A4928000054705A /* NotificationsView.swift in Sources */ = {isa = PBXBuildFile; fileRef = 6F28D1332A4928000054705A /* NotificationsView.swift */; };
		6F28D1362A4928190054705A /* MessagesView.swift in Sources */ = {isa = PBXBuildFile; fileRef = 6F28D1352A4928190054705A /* MessagesView.swift */; };
		6F31894E2A5E7FE4000E6BB4 /* SideMenuView.swift in Sources */ = {isa = PBXBuildFile; fileRef = 6F31894D2A5E7FE4000E6BB4 /* SideMenuView.swift */; };
		6F3189502A5E8046000E6BB4 /* SideMenuRowView.swift in Sources */ = {isa = PBXBuildFile; fileRef = 6F31894F2A5E8046000E6BB4 /* SideMenuRowView.swift */; };
		6F3189522A5E8058000E6BB4 /* SideMenuViewModel.swift in Sources */ = {isa = PBXBuildFile; fileRef = 6F3189512A5E8058000E6BB4 /* SideMenuViewModel.swift */; };
		6F3189542A5E83C0000E6BB4 /* UserStatsView.swift in Sources */ = {isa = PBXBuildFile; fileRef = 6F3189532A5E83C0000E6BB4 /* UserStatsView.swift */; };
		6F8189B42A78ACE6006D9BF7 /* GoogleService-Info.plist in Resources */ = {isa = PBXBuildFile; fileRef = 6F8189B32A78ACE6006D9BF7 /* GoogleService-Info.plist */; };
		6F8189BC2A78CB43006D9BF7 /* CustomNumericInputField.swift in Sources */ = {isa = PBXBuildFile; fileRef = 6F8189BB2A78CB43006D9BF7 /* CustomNumericInputField.swift */; };
		6FCF822D2A4AA39E000A21F8 /* ProfileView.swift in Sources */ = {isa = PBXBuildFile; fileRef = 6FCF822C2A4AA39E000A21F8 /* ProfileView.swift */; };
		6FD68E9F2A70ECF00091F861 /* FirebaseAuth in Frameworks */ = {isa = PBXBuildFile; productRef = 6FD68E9E2A70ECF00091F861 /* FirebaseAuth */; };
		6FD68EA12A70ECF00091F861 /* FirebaseFirestore in Frameworks */ = {isa = PBXBuildFile; productRef = 6FD68EA02A70ECF00091F861 /* FirebaseFirestore */; };
		6FD68EA32A70ECF00091F861 /* FirebaseFirestoreSwift in Frameworks */ = {isa = PBXBuildFile; productRef = 6FD68EA22A70ECF00091F861 /* FirebaseFirestoreSwift */; };
		6FD68EA52A70ECF00091F861 /* FirebaseStorage in Frameworks */ = {isa = PBXBuildFile; productRef = 6FD68EA42A70ECF00091F861 /* FirebaseStorage */; };
		A70931442A7760A600F6A8FF /* ProfilePhotoSelectorView.swift in Sources */ = {isa = PBXBuildFile; fileRef = A70931432A7760A600F6A8FF /* ProfilePhotoSelectorView.swift */; };
		A7288F4F2A47E59F00D757E1 /* Suited_Unicorn_App.swift in Sources */ = {isa = PBXBuildFile; fileRef = A7288F4E2A47E59F00D757E1 /* Suited_Unicorn_App.swift */; };
		A7288F512A47E59F00D757E1 /* ContentView.swift in Sources */ = {isa = PBXBuildFile; fileRef = A7288F502A47E59F00D757E1 /* ContentView.swift */; };
		A7288F532A47E5A000D757E1 /* Assets.xcassets in Resources */ = {isa = PBXBuildFile; fileRef = A7288F522A47E5A000D757E1 /* Assets.xcassets */; };
		A7288F562A47E5A000D757E1 /* Preview Assets.xcassets in Resources */ = {isa = PBXBuildFile; fileRef = A7288F552A47E5A000D757E1 /* Preview Assets.xcassets */; };
		A7288F682A47EE4E00D757E1 /* FeedView.swift in Sources */ = {isa = PBXBuildFile; fileRef = A7288F672A47EE4E00D757E1 /* FeedView.swift */; };
		A7288F6B2A47F0E100D757E1 /* TweetsRowView.swift in Sources */ = {isa = PBXBuildFile; fileRef = A7288F6A2A47F0E100D757E1 /* TweetsRowView.swift */; };
		A73BDFD52A78BD6F00524A85 /* ImagePicker.swift in Sources */ = {isa = PBXBuildFile; fileRef = A73BDFD42A78BD6F00524A85 /* ImagePicker.swift */; };
		A79D849B2A6EFB1F00DFCA86 /* CustominputField.swift in Sources */ = {isa = PBXBuildFile; fileRef = A79D849A2A6EFB1F00DFCA86 /* CustominputField.swift */; };
		A79D849E2A6EFEB200DFCA86 /* AuthHeaderView.swift in Sources */ = {isa = PBXBuildFile; fileRef = A79D849D2A6EFEB200DFCA86 /* AuthHeaderView.swift */; };
		A7C0FBFD2A74CDFB003A0EE9 /* AuthViewModel.swift in Sources */ = {isa = PBXBuildFile; fileRef = A7C0FBFC2A74CDFB003A0EE9 /* AuthViewModel.swift */; };
		A7CDFA372A5BF95400A157FC /* TweetFilterViewModel.swift in Sources */ = {isa = PBXBuildFile; fileRef = A7CDFA362A5BF95400A157FC /* TweetFilterViewModel.swift */; };
		A7CDFA392A5E923700A157FC /* SideMenuOptionRowView.swift in Sources */ = {isa = PBXBuildFile; fileRef = A7CDFA382A5E923700A157FC /* SideMenuOptionRowView.swift */; };
		A7D34B3C2A78F59C00716926 /* ImageUploader.swift in Sources */ = {isa = PBXBuildFile; fileRef = A7D34B3B2A78F59C00716926 /* ImageUploader.swift */; };
		A7F995902A588952003C3C74 /* TweetFilterViewModel.swift in Sources */ = {isa = PBXBuildFile; fileRef = A7F9958F2A588952003C3C74 /* TweetFilterViewModel.swift */; };
		A7F995952A58AC90003C3C74 /* UserRowView.swift in Sources */ = {isa = PBXBuildFile; fileRef = A7F995942A58AC90003C3C74 /* UserRowView.swift */; };
		A7FB6F032A65DAE7006C14EF /* LoginView.swift in Sources */ = {isa = PBXBuildFile; fileRef = A7FB6F022A65DAE7006C14EF /* LoginView.swift */; };
		A7FB6F052A65DB04006C14EF /* RegistrationView.swift in Sources */ = {isa = PBXBuildFile; fileRef = A7FB6F042A65DB04006C14EF /* RegistrationView.swift */; };
		A7FB6F072A65DD73006C14EF /* RoundedShape.swift in Sources */ = {isa = PBXBuildFile; fileRef = A7FB6F062A65DD73006C14EF /* RoundedShape.swift */; };
/* End PBXBuildFile section */

/* Begin PBXFileReference section */
		6F2485B12A601049003A6DAA /* ViewTweetView.swift */ = {isa = PBXFileReference; lastKnownFileType = sourcecode.swift; path = ViewTweetView.swift; sourceTree = "<group>"; };
		6F2485B32A6011EE003A6DAA /* TextArea.swift */ = {isa = PBXFileReference; lastKnownFileType = sourcecode.swift; path = TextArea.swift; sourceTree = "<group>"; };
		6F2485B62A601C94003A6DAA /* SplashScreenView.swift */ = {isa = PBXFileReference; lastKnownFileType = sourcecode.swift; path = SplashScreenView.swift; sourceTree = "<group>"; };
		6F28D12A2A4924D70054705A /* MainTabView.swift */ = {isa = PBXFileReference; lastKnownFileType = sourcecode.swift; path = MainTabView.swift; sourceTree = "<group>"; };
		6F28D1312A4927C80054705A /* ExploreView.swift */ = {isa = PBXFileReference; lastKnownFileType = sourcecode.swift; path = ExploreView.swift; sourceTree = "<group>"; };
		6F28D1332A4928000054705A /* NotificationsView.swift */ = {isa = PBXFileReference; lastKnownFileType = sourcecode.swift; path = NotificationsView.swift; sourceTree = "<group>"; };
		6F28D1352A4928190054705A /* MessagesView.swift */ = {isa = PBXFileReference; lastKnownFileType = sourcecode.swift; path = MessagesView.swift; sourceTree = "<group>"; };
		6F31894D2A5E7FE4000E6BB4 /* SideMenuView.swift */ = {isa = PBXFileReference; lastKnownFileType = sourcecode.swift; name = SideMenuView.swift; path = "Suited_Unicorn App/Core/Profile/Views/SideMenuView.swift"; sourceTree = SOURCE_ROOT; };
		6F31894F2A5E8046000E6BB4 /* SideMenuRowView.swift */ = {isa = PBXFileReference; lastKnownFileType = sourcecode.swift; name = SideMenuRowView.swift; path = "Suited_Unicorn App/Core/Profile/Views/SideMenuRowView.swift"; sourceTree = SOURCE_ROOT; };
		6F3189512A5E8058000E6BB4 /* SideMenuViewModel.swift */ = {isa = PBXFileReference; lastKnownFileType = sourcecode.swift; name = SideMenuViewModel.swift; path = "Suited_Unicorn App/Core/Profile/Views/SideMenuViewModel.swift"; sourceTree = SOURCE_ROOT; };
		6F3189532A5E83C0000E6BB4 /* UserStatsView.swift */ = {isa = PBXFileReference; lastKnownFileType = sourcecode.swift; path = UserStatsView.swift; sourceTree = "<group>"; };
		6F8189B32A78ACE6006D9BF7 /* GoogleService-Info.plist */ = {isa = PBXFileReference; fileEncoding = 4; lastKnownFileType = text.plist.xml; path = "GoogleService-Info.plist"; sourceTree = "<group>"; };
		6F8189BB2A78CB43006D9BF7 /* CustomNumericInputField.swift */ = {isa = PBXFileReference; lastKnownFileType = sourcecode.swift; path = CustomNumericInputField.swift; sourceTree = "<group>"; };
		6FCF822C2A4AA39E000A21F8 /* ProfileView.swift */ = {isa = PBXFileReference; lastKnownFileType = sourcecode.swift; path = ProfileView.swift; sourceTree = "<group>"; };
		A70931432A7760A600F6A8FF /* ProfilePhotoSelectorView.swift */ = {isa = PBXFileReference; lastKnownFileType = sourcecode.swift; path = ProfilePhotoSelectorView.swift; sourceTree = "<group>"; };
		A7288F4B2A47E59F00D757E1 /* Suited_Unicorn App.app */ = {isa = PBXFileReference; explicitFileType = wrapper.application; includeInIndex = 0; path = "Suited_Unicorn App.app"; sourceTree = BUILT_PRODUCTS_DIR; };
		A7288F4E2A47E59F00D757E1 /* Suited_Unicorn_App.swift */ = {isa = PBXFileReference; lastKnownFileType = sourcecode.swift; path = Suited_Unicorn_App.swift; sourceTree = "<group>"; };
		A7288F502A47E59F00D757E1 /* ContentView.swift */ = {isa = PBXFileReference; lastKnownFileType = sourcecode.swift; path = ContentView.swift; sourceTree = "<group>"; };
		A7288F522A47E5A000D757E1 /* Assets.xcassets */ = {isa = PBXFileReference; lastKnownFileType = folder.assetcatalog; path = Assets.xcassets; sourceTree = "<group>"; };
		A7288F552A47E5A000D757E1 /* Preview Assets.xcassets */ = {isa = PBXFileReference; lastKnownFileType = folder.assetcatalog; path = "Preview Assets.xcassets"; sourceTree = "<group>"; };
		A7288F672A47EE4E00D757E1 /* FeedView.swift */ = {isa = PBXFileReference; lastKnownFileType = sourcecode.swift; path = FeedView.swift; sourceTree = "<group>"; };
		A7288F6A2A47F0E100D757E1 /* TweetsRowView.swift */ = {isa = PBXFileReference; lastKnownFileType = sourcecode.swift; path = TweetsRowView.swift; sourceTree = "<group>"; };
		A73BDFD42A78BD6F00524A85 /* ImagePicker.swift */ = {isa = PBXFileReference; lastKnownFileType = sourcecode.swift; path = ImagePicker.swift; sourceTree = "<group>"; };
		A79D849A2A6EFB1F00DFCA86 /* CustominputField.swift */ = {isa = PBXFileReference; lastKnownFileType = sourcecode.swift; path = CustominputField.swift; sourceTree = "<group>"; };
		A79D849D2A6EFEB200DFCA86 /* AuthHeaderView.swift */ = {isa = PBXFileReference; lastKnownFileType = sourcecode.swift; path = AuthHeaderView.swift; sourceTree = "<group>"; };
		A7C0FBFC2A74CDFB003A0EE9 /* AuthViewModel.swift */ = {isa = PBXFileReference; lastKnownFileType = sourcecode.swift; path = AuthViewModel.swift; sourceTree = "<group>"; };
		A7CDFA362A5BF95400A157FC /* TweetFilterViewModel.swift */ = {isa = PBXFileReference; lastKnownFileType = sourcecode.swift; path = TweetFilterViewModel.swift; sourceTree = "<group>"; };
		A7CDFA382A5E923700A157FC /* SideMenuOptionRowView.swift */ = {isa = PBXFileReference; lastKnownFileType = sourcecode.swift; path = SideMenuOptionRowView.swift; sourceTree = "<group>"; };
		A7D34B3B2A78F59C00716926 /* ImageUploader.swift */ = {isa = PBXFileReference; lastKnownFileType = sourcecode.swift; name = ImageUploader.swift; path = "Suited_Unicorn App/Utils/ImageUploader.swift"; sourceTree = SOURCE_ROOT; };
		A7F9958F2A588952003C3C74 /* TweetFilterViewModel.swift */ = {isa = PBXFileReference; lastKnownFileType = sourcecode.swift; name = TweetFilterViewModel.swift; path = "Suited_Unicorn App/Core/Components /Tweets/TweetFilterViewModel.swift"; sourceTree = SOURCE_ROOT; };
		A7F995942A58AC90003C3C74 /* UserRowView.swift */ = {isa = PBXFileReference; lastKnownFileType = sourcecode.swift; path = UserRowView.swift; sourceTree = "<group>"; };
		A7FB6F022A65DAE7006C14EF /* LoginView.swift */ = {isa = PBXFileReference; lastKnownFileType = sourcecode.swift; path = LoginView.swift; sourceTree = "<group>"; };
		A7FB6F042A65DB04006C14EF /* RegistrationView.swift */ = {isa = PBXFileReference; lastKnownFileType = sourcecode.swift; path = RegistrationView.swift; sourceTree = "<group>"; };
		A7FB6F062A65DD73006C14EF /* RoundedShape.swift */ = {isa = PBXFileReference; lastKnownFileType = sourcecode.swift; path = RoundedShape.swift; sourceTree = "<group>"; };
/* End PBXFileReference section */

/* Begin PBXFrameworksBuildPhase section */
		A7288F482A47E59F00D757E1 /* Frameworks */ = {
			isa = PBXFrameworksBuildPhase;
			buildActionMask = 2147483647;
			files = (
				6FD68E9F2A70ECF00091F861 /* FirebaseAuth in Frameworks */,
				6FD68EA52A70ECF00091F861 /* FirebaseStorage in Frameworks */,
				6FD68EA12A70ECF00091F861 /* FirebaseFirestore in Frameworks */,
				6FD68EA32A70ECF00091F861 /* FirebaseFirestoreSwift in Frameworks */,
			);
			runOnlyForDeploymentPostprocessing = 0;
		};
/* End PBXFrameworksBuildPhase section */

/* Begin PBXGroup section */
		6F2485AE2A600FFB003A6DAA /* UploadTweet */ = {
			isa = PBXGroup;
			children = (
				6F2485B02A601021003A6DAA /* Views */,
				6F2485AF2A60100E003A6DAA /* ViewModels */,
			);
			path = UploadTweet;
			sourceTree = "<group>";
		};
		6F2485AF2A60100E003A6DAA /* ViewModels */ = {
			isa = PBXGroup;
			children = (
			);
			path = ViewModels;
			sourceTree = "<group>";
		};
		6F2485B02A601021003A6DAA /* Views */ = {
			isa = PBXGroup;
			children = (
				6F2485B12A601049003A6DAA /* ViewTweetView.swift */,
			);
			path = Views;
			sourceTree = "<group>";
		};
		6F2485B52A601C74003A6DAA /* SplashScreen */ = {
			isa = PBXGroup;
			children = (
				6F2485B62A601C94003A6DAA /* SplashScreenView.swift */,
			);
			path = SplashScreen;
			sourceTree = "<group>";
		};
		6F28D1292A4924C20054705A /* MainTab */ = {
			isa = PBXGroup;
			children = (
				6F28D12A2A4924D70054705A /* MainTabView.swift */,
			);
			path = MainTab;
			sourceTree = "<group>";
		};
		6F28D12C2A49271A0054705A /* Messages */ = {
			isa = PBXGroup;
			children = (
				6F28D1352A4928190054705A /* MessagesView.swift */,
			);
			path = Messages;
			sourceTree = "<group>";
		};
		6F28D12E2A4927390054705A /* Notifications */ = {
			isa = PBXGroup;
			children = (
				6F28D1332A4928000054705A /* NotificationsView.swift */,
			);
			path = Notifications;
			sourceTree = "<group>";
		};
		6F28D12F2A49273E0054705A /* Explore */ = {
			isa = PBXGroup;
			children = (
				A7F995922A58AC28003C3C74 /* Views */,
				A7F995912A58AC16003C3C74 /* ViewModel */,
			);
			path = Explore;
			sourceTree = "<group>";
		};
		6F28D1302A4927820054705A /* Profile */ = {
			isa = PBXGroup;
			children = (
				6FCF822A2A4AA36E000A21F8 /* Views */,
				6FCF82292A4AA361000A21F8 /* ViewModels */,
			);
			path = Profile;
			sourceTree = "<group>";
		};
		6FCF82292A4AA361000A21F8 /* ViewModels */ = {
			isa = PBXGroup;
			children = (
				A7F9958F2A588952003C3C74 /* TweetFilterViewModel.swift */,
			);
			path = ViewModels;
			sourceTree = "<group>";
		};
		6FCF822A2A4AA36E000A21F8 /* Views */ = {
			isa = PBXGroup;
			children = (
				6FCF822C2A4AA39E000A21F8 /* ProfileView.swift */,
			);
			path = Views;
			sourceTree = "<group>";
		};
		A7288F422A47E59F00D757E1 = {
			isa = PBXGroup;
			children = (
				A7288F4D2A47E59F00D757E1 /* Suited_Unicorn App */,
				A7288F4C2A47E59F00D757E1 /* Products */,
			);
			sourceTree = "<group>";
		};
		A7288F4C2A47E59F00D757E1 /* Products */ = {
			isa = PBXGroup;
			children = (
				A7288F4B2A47E59F00D757E1 /* Suited_Unicorn App.app */,
			);
			name = Products;
			sourceTree = "<group>";
		};
		A7288F4D2A47E59F00D757E1 /* Suited_Unicorn App */ = {
			isa = PBXGroup;
			children = (
				A73BDFD32A78BD5500524A85 /* Utils */,
				A7288F622A47ED4900D757E1 /* Model */,
				A7288F612A47ED4300D757E1 /* Extensions */,
				A7288F602A47ED3E00D757E1 /* Service */,
				A7288F5C2A47ED0800D757E1 /* Core */,
				A7288F4E2A47E59F00D757E1 /* Suited_Unicorn_App.swift */,
				A7288F502A47E59F00D757E1 /* ContentView.swift */,
				A7288F522A47E5A000D757E1 /* Assets.xcassets */,
				6F8189B32A78ACE6006D9BF7 /* GoogleService-Info.plist */,
				A7288F542A47E5A000D757E1 /* Preview Content */,
			);
			path = "Suited_Unicorn App";
			sourceTree = "<group>";
		};
		A7288F542A47E5A000D757E1 /* Preview Content */ = {
			isa = PBXGroup;
			children = (
				A7288F552A47E5A000D757E1 /* Preview Assets.xcassets */,
			);
			path = "Preview Content";
			sourceTree = "<group>";
		};
		A7288F5C2A47ED0800D757E1 /* Core */ = {
			isa = PBXGroup;
			children = (
				A7FB6EFF2A65DA84006C14EF /* Authentication */,
				6F2485B52A601C74003A6DAA /* SplashScreen */,
				6F2485AE2A600FFB003A6DAA /* UploadTweet */,
				A7F995962A58B057003C3C74 /* SideMenu */,
				A7288F632A47ED8A00D757E1 /* Components  */,
				6F28D1302A4927820054705A /* Profile */,
				6F28D12F2A49273E0054705A /* Explore */,
				6F28D12E2A4927390054705A /* Notifications */,
				6F28D12C2A49271A0054705A /* Messages */,
				6F28D1292A4924C20054705A /* MainTab */,
				A7288F642A47EDA300D757E1 /* Feed */,
			);
			path = Core;
			sourceTree = "<group>";
		};
		A7288F602A47ED3E00D757E1 /* Service */ = {
			isa = PBXGroup;
			children = (
				A7D34B3B2A78F59C00716926 /* ImageUploader.swift */,
			);
			path = Service;
			sourceTree = "<group>";
		};
		A7288F612A47ED4300D757E1 /* Extensions */ = {
			isa = PBXGroup;
			children = (
			);
			path = Extensions;
			sourceTree = "<group>";
		};
		A7288F622A47ED4900D757E1 /* Model */ = {
			isa = PBXGroup;
			children = (
			);
			path = Model;
			sourceTree = "<group>";
		};
		A7288F632A47ED8A00D757E1 /* Components  */ = {
			isa = PBXGroup;
			children = (
				A79D849C2A6EFE9200DFCA86 /* Authentication */,
				A7F995932A58AC79003C3C74 /* Users */,
				A7288F692A47F05400D757E1 /* Tweets */,
				6F2485B32A6011EE003A6DAA /* TextArea.swift */,
				A7FB6F062A65DD73006C14EF /* RoundedShape.swift */,
				A79D849A2A6EFB1F00DFCA86 /* CustominputField.swift */,
				6F8189BB2A78CB43006D9BF7 /* CustomNumericInputField.swift */,
			);
			path = "Components ";
			sourceTree = "<group>";
		};
		A7288F642A47EDA300D757E1 /* Feed */ = {
			isa = PBXGroup;
			children = (
				A7288F662A47EDE600D757E1 /* View */,
				A7288F652A47EDD900D757E1 /* ViewModels */,
			);
			path = Feed;
			sourceTree = "<group>";
		};
		A7288F652A47EDD900D757E1 /* ViewModels */ = {
			isa = PBXGroup;
			children = (
			);
			path = ViewModels;
			sourceTree = "<group>";
		};
		A7288F662A47EDE600D757E1 /* View */ = {
			isa = PBXGroup;
			children = (
				A7288F672A47EE4E00D757E1 /* FeedView.swift */,
			);
			path = View;
			sourceTree = "<group>";
		};
		A7288F692A47F05400D757E1 /* Tweets */ = {
			isa = PBXGroup;
			children = (
				A7288F6A2A47F0E100D757E1 /* TweetsRowView.swift */,
				A7CDFA362A5BF95400A157FC /* TweetFilterViewModel.swift */,
			);
			path = Tweets;
			sourceTree = "<group>";
		};
		A73BDFD32A78BD5500524A85 /* Utils */ = {
			isa = PBXGroup;
			children = (
				A73BDFD42A78BD6F00524A85 /* ImagePicker.swift */,
			);
			path = Utils;
			sourceTree = "<group>";
		};
		A79D849C2A6EFE9200DFCA86 /* Authentication */ = {
			isa = PBXGroup;
			children = (
				A79D849D2A6EFEB200DFCA86 /* AuthHeaderView.swift */,
			);
			path = Authentication;
			sourceTree = "<group>";
		};
		A7C0FBFB2A74CDE7003A0EE9 /* ViewModel */ = {
			isa = PBXGroup;
			children = (
				A7C0FBFC2A74CDFB003A0EE9 /* AuthViewModel.swift */,
			);
			path = ViewModel;
			sourceTree = "<group>";
		};
		A7F995912A58AC16003C3C74 /* ViewModel */ = {
			isa = PBXGroup;
			children = (
			);
			path = ViewModel;
			sourceTree = "<group>";
		};
		A7F995922A58AC28003C3C74 /* Views */ = {
			isa = PBXGroup;
			children = (
				6F28D1312A4927C80054705A /* ExploreView.swift */,
			);
			path = Views;
			sourceTree = "<group>";
		};
		A7F995932A58AC79003C3C74 /* Users */ = {
			isa = PBXGroup;
			children = (
				A7F995942A58AC90003C3C74 /* UserRowView.swift */,
				6F3189532A5E83C0000E6BB4 /* UserStatsView.swift */,
			);
			path = Users;
			sourceTree = "<group>";
		};
		A7F995962A58B057003C3C74 /* SideMenu */ = {
			isa = PBXGroup;
			children = (
				A7F995982A58B077003C3C74 /* Views */,
				A7F995972A58B06E003C3C74 /* ViewModels */,
			);
			path = SideMenu;
			sourceTree = "<group>";
		};
		A7F995972A58B06E003C3C74 /* ViewModels */ = {
			isa = PBXGroup;
			children = (
				6F3189512A5E8058000E6BB4 /* SideMenuViewModel.swift */,
			);
			path = ViewModels;
			sourceTree = "<group>";
		};
		A7F995982A58B077003C3C74 /* Views */ = {
			isa = PBXGroup;
			children = (
				6F31894D2A5E7FE4000E6BB4 /* SideMenuView.swift */,
				6F31894F2A5E8046000E6BB4 /* SideMenuRowView.swift */,
				A7CDFA382A5E923700A157FC /* SideMenuOptionRowView.swift */,
			);
			path = Views;
			sourceTree = "<group>";
		};
		A7FB6EFF2A65DA84006C14EF /* Authentication */ = {
			isa = PBXGroup;
			children = (
				A7C0FBFB2A74CDE7003A0EE9 /* ViewModel */,
				A7FB6F002A65DAA8006C14EF /* Views */,
			);
			path = Authentication;
			sourceTree = "<group>";
		};
		A7FB6F002A65DAA8006C14EF /* Views */ = {
			isa = PBXGroup;
			children = (
				A7FB6F022A65DAE7006C14EF /* LoginView.swift */,
				A7FB6F042A65DB04006C14EF /* RegistrationView.swift */,
				A70931432A7760A600F6A8FF /* ProfilePhotoSelectorView.swift */,
			);
			path = Views;
			sourceTree = "<group>";
		};
/* End PBXGroup section */

/* Begin PBXNativeTarget section */
		A7288F4A2A47E59F00D757E1 /* Suited_Unicorn App */ = {
			isa = PBXNativeTarget;
			buildConfigurationList = A7288F592A47E5A000D757E1 /* Build configuration list for PBXNativeTarget "Suited_Unicorn App" */;
			buildPhases = (
				A7288F472A47E59F00D757E1 /* Sources */,
				A7288F482A47E59F00D757E1 /* Frameworks */,
				A7288F492A47E59F00D757E1 /* Resources */,
			);
			buildRules = (
			);
			dependencies = (
			);
			name = "Suited_Unicorn App";
			packageProductDependencies = (
				6FD68E9E2A70ECF00091F861 /* FirebaseAuth */,
				6FD68EA02A70ECF00091F861 /* FirebaseFirestore */,
				6FD68EA22A70ECF00091F861 /* FirebaseFirestoreSwift */,
				6FD68EA42A70ECF00091F861 /* FirebaseStorage */,
			);
			productName = "Suited_Unicorn App";
			productReference = A7288F4B2A47E59F00D757E1 /* Suited_Unicorn App.app */;
			productType = "com.apple.product-type.application";
		};
/* End PBXNativeTarget section */

/* Begin PBXProject section */
		A7288F432A47E59F00D757E1 /* Project object */ = {
			isa = PBXProject;
			attributes = {
				BuildIndependentTargetsInParallel = 1;
				LastSwiftUpdateCheck = 1430;
				LastUpgradeCheck = 1430;
				TargetAttributes = {
					A7288F4A2A47E59F00D757E1 = {
						CreatedOnToolsVersion = 14.3.1;
					};
				};
			};
			buildConfigurationList = A7288F462A47E59F00D757E1 /* Build configuration list for PBXProject "Suited_Unicorn App" */;
			compatibilityVersion = "Xcode 14.0";
			developmentRegion = en;
			hasScannedForEncodings = 0;
			knownRegions = (
				en,
				Base,
			);
			mainGroup = A7288F422A47E59F00D757E1;
			packageReferences = (
				6FD68E9D2A70ECF00091F861 /* XCRemoteSwiftPackageReference "firebase-ios-sdk" */,
			);
			productRefGroup = A7288F4C2A47E59F00D757E1 /* Products */;
			projectDirPath = "";
			projectRoot = "";
			targets = (
				A7288F4A2A47E59F00D757E1 /* Suited_Unicorn App */,
			);
		};
/* End PBXProject section */

/* Begin PBXResourcesBuildPhase section */
		A7288F492A47E59F00D757E1 /* Resources */ = {
			isa = PBXResourcesBuildPhase;
			buildActionMask = 2147483647;
			files = (
				A7288F562A47E5A000D757E1 /* Preview Assets.xcassets in Resources */,
				A7288F532A47E5A000D757E1 /* Assets.xcassets in Resources */,
				6F8189B42A78ACE6006D9BF7 /* GoogleService-Info.plist in Resources */,
			);
			runOnlyForDeploymentPostprocessing = 0;
		};
/* End PBXResourcesBuildPhase section */

/* Begin PBXSourcesBuildPhase section */
		A7288F472A47E59F00D757E1 /* Sources */ = {
			isa = PBXSourcesBuildPhase;
			buildActionMask = 2147483647;
			files = (
				A7CDFA372A5BF95400A157FC /* TweetFilterViewModel.swift in Sources */,
				6F28D1362A4928190054705A /* MessagesView.swift in Sources */,
				6F2485B42A6011EE003A6DAA /* TextArea.swift in Sources */,
				6FCF822D2A4AA39E000A21F8 /* ProfileView.swift in Sources */,
				6F2485B22A601049003A6DAA /* ViewTweetView.swift in Sources */,
				6F3189502A5E8046000E6BB4 /* SideMenuRowView.swift in Sources */,
				6F8189BC2A78CB43006D9BF7 /* CustomNumericInputField.swift in Sources */,
				6F31894E2A5E7FE4000E6BB4 /* SideMenuView.swift in Sources */,
				6F2485B72A601C94003A6DAA /* SplashScreenView.swift in Sources */,
				A79D849B2A6EFB1F00DFCA86 /* CustominputField.swift in Sources */,
				A7288F512A47E59F00D757E1 /* ContentView.swift in Sources */,
				A7288F6B2A47F0E100D757E1 /* TweetsRowView.swift in Sources */,
				6F3189542A5E83C0000E6BB4 /* UserStatsView.swift in Sources */,
				A7FB6F052A65DB04006C14EF /* RegistrationView.swift in Sources */,
				A7FB6F072A65DD73006C14EF /* RoundedShape.swift in Sources */,
				A70931442A7760A600F6A8FF /* ProfilePhotoSelectorView.swift in Sources */,
				A7F995902A588952003C3C74 /* TweetFilterViewModel.swift in Sources */,
				A7D34B3C2A78F59C00716926 /* ImageUploader.swift in Sources */,
				A7288F682A47EE4E00D757E1 /* FeedView.swift in Sources */,
				A73BDFD52A78BD6F00524A85 /* ImagePicker.swift in Sources */,
				A7CDFA392A5E923700A157FC /* SideMenuOptionRowView.swift in Sources */,
				A7288F4F2A47E59F00D757E1 /* Suited_Unicorn_App.swift in Sources */,
				A7FB6F032A65DAE7006C14EF /* LoginView.swift in Sources */,
				6F28D1322A4927C80054705A /* ExploreView.swift in Sources */,
				A79D849E2A6EFEB200DFCA86 /* AuthHeaderView.swift in Sources */,
				A7F995952A58AC90003C3C74 /* UserRowView.swift in Sources */,
				6F28D12B2A4924D70054705A /* MainTabView.swift in Sources */,
				6F3189522A5E8058000E6BB4 /* SideMenuViewModel.swift in Sources */,
				A7C0FBFD2A74CDFB003A0EE9 /* AuthViewModel.swift in Sources */,
				6F28D1342A4928000054705A /* NotificationsView.swift in Sources */,
			);
			runOnlyForDeploymentPostprocessing = 0;
		};
/* End PBXSourcesBuildPhase section */

/* Begin XCBuildConfiguration section */
		A7288F572A47E5A000D757E1 /* Debug */ = {
			isa = XCBuildConfiguration;
			buildSettings = {
				ALWAYS_SEARCH_USER_PATHS = NO;
				CLANG_ANALYZER_NONNULL = YES;
				CLANG_ANALYZER_NUMBER_OBJECT_CONVERSION = YES_AGGRESSIVE;
				CLANG_CXX_LANGUAGE_STANDARD = "gnu++20";
				CLANG_ENABLE_MODULES = YES;
				CLANG_ENABLE_OBJC_ARC = YES;
				CLANG_ENABLE_OBJC_WEAK = YES;
				CLANG_WARN_BLOCK_CAPTURE_AUTORELEASING = YES;
				CLANG_WARN_BOOL_CONVERSION = YES;
				CLANG_WARN_COMMA = YES;
				CLANG_WARN_CONSTANT_CONVERSION = YES;
				CLANG_WARN_DEPRECATED_OBJC_IMPLEMENTATIONS = YES;
				CLANG_WARN_DIRECT_OBJC_ISA_USAGE = YES_ERROR;
				CLANG_WARN_DOCUMENTATION_COMMENTS = YES;
				CLANG_WARN_EMPTY_BODY = YES;
				CLANG_WARN_ENUM_CONVERSION = YES;
				CLANG_WARN_INFINITE_RECURSION = YES;
				CLANG_WARN_INT_CONVERSION = YES;
				CLANG_WARN_NON_LITERAL_NULL_CONVERSION = YES;
				CLANG_WARN_OBJC_IMPLICIT_RETAIN_SELF = YES;
				CLANG_WARN_OBJC_LITERAL_CONVERSION = YES;
				CLANG_WARN_OBJC_ROOT_CLASS = YES_ERROR;
				CLANG_WARN_QUOTED_INCLUDE_IN_FRAMEWORK_HEADER = YES;
				CLANG_WARN_RANGE_LOOP_ANALYSIS = YES;
				CLANG_WARN_STRICT_PROTOTYPES = YES;
				CLANG_WARN_SUSPICIOUS_MOVE = YES;
				CLANG_WARN_UNGUARDED_AVAILABILITY = YES_AGGRESSIVE;
				CLANG_WARN_UNREACHABLE_CODE = YES;
				CLANG_WARN__DUPLICATE_METHOD_MATCH = YES;
				COPY_PHASE_STRIP = NO;
				DEBUG_INFORMATION_FORMAT = dwarf;
				ENABLE_STRICT_OBJC_MSGSEND = YES;
				ENABLE_TESTABILITY = YES;
				GCC_C_LANGUAGE_STANDARD = gnu11;
				GCC_DYNAMIC_NO_PIC = NO;
				GCC_NO_COMMON_BLOCKS = YES;
				GCC_OPTIMIZATION_LEVEL = 0;
				GCC_PREPROCESSOR_DEFINITIONS = (
					"DEBUG=1",
					"$(inherited)",
				);
				GCC_WARN_64_TO_32_BIT_CONVERSION = YES;
				GCC_WARN_ABOUT_RETURN_TYPE = YES_ERROR;
				GCC_WARN_UNDECLARED_SELECTOR = YES;
				GCC_WARN_UNINITIALIZED_AUTOS = YES_AGGRESSIVE;
				GCC_WARN_UNUSED_FUNCTION = YES;
				GCC_WARN_UNUSED_VARIABLE = YES;
				IPHONEOS_DEPLOYMENT_TARGET = 16.4;
				MTL_ENABLE_DEBUG_INFO = INCLUDE_SOURCE;
				MTL_FAST_MATH = YES;
				ONLY_ACTIVE_ARCH = YES;
				SDKROOT = iphoneos;
				SWIFT_ACTIVE_COMPILATION_CONDITIONS = DEBUG;
				SWIFT_OPTIMIZATION_LEVEL = "-Onone";
			};
			name = Debug;
		};
		A7288F582A47E5A000D757E1 /* Release */ = {
			isa = XCBuildConfiguration;
			buildSettings = {
				ALWAYS_SEARCH_USER_PATHS = NO;
				CLANG_ANALYZER_NONNULL = YES;
				CLANG_ANALYZER_NUMBER_OBJECT_CONVERSION = YES_AGGRESSIVE;
				CLANG_CXX_LANGUAGE_STANDARD = "gnu++20";
				CLANG_ENABLE_MODULES = YES;
				CLANG_ENABLE_OBJC_ARC = YES;
				CLANG_ENABLE_OBJC_WEAK = YES;
				CLANG_WARN_BLOCK_CAPTURE_AUTORELEASING = YES;
				CLANG_WARN_BOOL_CONVERSION = YES;
				CLANG_WARN_COMMA = YES;
				CLANG_WARN_CONSTANT_CONVERSION = YES;
				CLANG_WARN_DEPRECATED_OBJC_IMPLEMENTATIONS = YES;
				CLANG_WARN_DIRECT_OBJC_ISA_USAGE = YES_ERROR;
				CLANG_WARN_DOCUMENTATION_COMMENTS = YES;
				CLANG_WARN_EMPTY_BODY = YES;
				CLANG_WARN_ENUM_CONVERSION = YES;
				CLANG_WARN_INFINITE_RECURSION = YES;
				CLANG_WARN_INT_CONVERSION = YES;
				CLANG_WARN_NON_LITERAL_NULL_CONVERSION = YES;
				CLANG_WARN_OBJC_IMPLICIT_RETAIN_SELF = YES;
				CLANG_WARN_OBJC_LITERAL_CONVERSION = YES;
				CLANG_WARN_OBJC_ROOT_CLASS = YES_ERROR;
				CLANG_WARN_QUOTED_INCLUDE_IN_FRAMEWORK_HEADER = YES;
				CLANG_WARN_RANGE_LOOP_ANALYSIS = YES;
				CLANG_WARN_STRICT_PROTOTYPES = YES;
				CLANG_WARN_SUSPICIOUS_MOVE = YES;
				CLANG_WARN_UNGUARDED_AVAILABILITY = YES_AGGRESSIVE;
				CLANG_WARN_UNREACHABLE_CODE = YES;
				CLANG_WARN__DUPLICATE_METHOD_MATCH = YES;
				COPY_PHASE_STRIP = NO;
				DEBUG_INFORMATION_FORMAT = "dwarf-with-dsym";
				ENABLE_NS_ASSERTIONS = NO;
				ENABLE_STRICT_OBJC_MSGSEND = YES;
				GCC_C_LANGUAGE_STANDARD = gnu11;
				GCC_NO_COMMON_BLOCKS = YES;
				GCC_WARN_64_TO_32_BIT_CONVERSION = YES;
				GCC_WARN_ABOUT_RETURN_TYPE = YES_ERROR;
				GCC_WARN_UNDECLARED_SELECTOR = YES;
				GCC_WARN_UNINITIALIZED_AUTOS = YES_AGGRESSIVE;
				GCC_WARN_UNUSED_FUNCTION = YES;
				GCC_WARN_UNUSED_VARIABLE = YES;
				IPHONEOS_DEPLOYMENT_TARGET = 16.4;
				MTL_ENABLE_DEBUG_INFO = NO;
				MTL_FAST_MATH = YES;
				SDKROOT = iphoneos;
				SWIFT_COMPILATION_MODE = wholemodule;
				SWIFT_OPTIMIZATION_LEVEL = "-O";
				VALIDATE_PRODUCT = YES;
			};
			name = Release;
		};
		A7288F5A2A47E5A000D757E1 /* Debug */ = {
			isa = XCBuildConfiguration;
			buildSettings = {
				ASSETCATALOG_COMPILER_APPICON_NAME = AppIcon;
				ASSETCATALOG_COMPILER_GLOBAL_ACCENT_COLOR_NAME = AccentColor;
				CODE_SIGN_STYLE = Automatic;
				CURRENT_PROJECT_VERSION = 1;
				DEVELOPMENT_ASSET_PATHS = "\"Suited_Unicorn App/Preview Content\"";
				ENABLE_PREVIEWS = YES;
				GENERATE_INFOPLIST_FILE = YES;
				INFOPLIST_KEY_UIApplicationSceneManifest_Generation = YES;
				INFOPLIST_KEY_UIApplicationSupportsIndirectInputEvents = YES;
				INFOPLIST_KEY_UILaunchScreen_Generation = YES;
				INFOPLIST_KEY_UISupportedInterfaceOrientations_iPad = "UIInterfaceOrientationPortrait UIInterfaceOrientationPortraitUpsideDown UIInterfaceOrientationLandscapeLeft UIInterfaceOrientationLandscapeRight";
				INFOPLIST_KEY_UISupportedInterfaceOrientations_iPhone = "UIInterfaceOrientationPortrait UIInterfaceOrientationLandscapeLeft UIInterfaceOrientationLandscapeRight";
				LD_RUNPATH_SEARCH_PATHS = (
					"$(inherited)",
					"@executable_path/Frameworks",
				);
				MARKETING_VERSION = 1.0;
				PRODUCT_BUNDLE_IDENTIFIER = "com.suitedunicorn.Suited-Unicorn-App";
				PRODUCT_NAME = "$(TARGET_NAME)";
				SWIFT_EMIT_LOC_STRINGS = YES;
				SWIFT_VERSION = 5.0;
				TARGETED_DEVICE_FAMILY = "1,2";
			};
			name = Debug;
		};
		A7288F5B2A47E5A000D757E1 /* Release */ = {
			isa = XCBuildConfiguration;
			buildSettings = {
				ASSETCATALOG_COMPILER_APPICON_NAME = AppIcon;
				ASSETCATALOG_COMPILER_GLOBAL_ACCENT_COLOR_NAME = AccentColor;
				CODE_SIGN_STYLE = Automatic;
				CURRENT_PROJECT_VERSION = 1;
				DEVELOPMENT_ASSET_PATHS = "\"Suited_Unicorn App/Preview Content\"";
				ENABLE_PREVIEWS = YES;
				GENERATE_INFOPLIST_FILE = YES;
				INFOPLIST_KEY_UIApplicationSceneManifest_Generation = YES;
				INFOPLIST_KEY_UIApplicationSupportsIndirectInputEvents = YES;
				INFOPLIST_KEY_UILaunchScreen_Generation = YES;
				INFOPLIST_KEY_UISupportedInterfaceOrientations_iPad = "UIInterfaceOrientationPortrait UIInterfaceOrientationPortraitUpsideDown UIInterfaceOrientationLandscapeLeft UIInterfaceOrientationLandscapeRight";
				INFOPLIST_KEY_UISupportedInterfaceOrientations_iPhone = "UIInterfaceOrientationPortrait UIInterfaceOrientationLandscapeLeft UIInterfaceOrientationLandscapeRight";
				LD_RUNPATH_SEARCH_PATHS = (
					"$(inherited)",
					"@executable_path/Frameworks",
				);
				MARKETING_VERSION = 1.0;
				PRODUCT_BUNDLE_IDENTIFIER = "com.suitedunicorn.Suited-Unicorn-App";
				PRODUCT_NAME = "$(TARGET_NAME)";
				SWIFT_EMIT_LOC_STRINGS = YES;
				SWIFT_VERSION = 5.0;
				TARGETED_DEVICE_FAMILY = "1,2";
			};
			name = Release;
		};
/* End XCBuildConfiguration section */

/* Begin XCConfigurationList section */
		A7288F462A47E59F00D757E1 /* Build configuration list for PBXProject "Suited_Unicorn App" */ = {
			isa = XCConfigurationList;
			buildConfigurations = (
				A7288F572A47E5A000D757E1 /* Debug */,
				A7288F582A47E5A000D757E1 /* Release */,
			);
			defaultConfigurationIsVisible = 0;
			defaultConfigurationName = Release;
		};
		A7288F592A47E5A000D757E1 /* Build configuration list for PBXNativeTarget "Suited_Unicorn App" */ = {
			isa = XCConfigurationList;
			buildConfigurations = (
				A7288F5A2A47E5A000D757E1 /* Debug */,
				A7288F5B2A47E5A000D757E1 /* Release */,
			);
			defaultConfigurationIsVisible = 0;
			defaultConfigurationName = Release;
		};
/* End XCConfigurationList section */

/* Begin XCRemoteSwiftPackageReference section */
		6FD68E9D2A70ECF00091F861 /* XCRemoteSwiftPackageReference "firebase-ios-sdk" */ = {
			isa = XCRemoteSwiftPackageReference;
			repositoryURL = "https://github.com/firebase/firebase-ios-sdk";
			requirement = {
				kind = upToNextMajorVersion;
				minimumVersion = 10.0.0;
			};
		};
/* End XCRemoteSwiftPackageReference section */

/* Begin XCSwiftPackageProductDependency section */
		6FD68E9E2A70ECF00091F861 /* FirebaseAuth */ = {
			isa = XCSwiftPackageProductDependency;
			package = 6FD68E9D2A70ECF00091F861 /* XCRemoteSwiftPackageReference "firebase-ios-sdk" */;
			productName = FirebaseAuth;
		};
		6FD68EA02A70ECF00091F861 /* FirebaseFirestore */ = {
			isa = XCSwiftPackageProductDependency;
			package = 6FD68E9D2A70ECF00091F861 /* XCRemoteSwiftPackageReference "firebase-ios-sdk" */;
			productName = FirebaseFirestore;
		};
		6FD68EA22A70ECF00091F861 /* FirebaseFirestoreSwift */ = {
			isa = XCSwiftPackageProductDependency;
			package = 6FD68E9D2A70ECF00091F861 /* XCRemoteSwiftPackageReference "firebase-ios-sdk" */;
			productName = FirebaseFirestoreSwift;
		};
		6FD68EA42A70ECF00091F861 /* FirebaseStorage */ = {
			isa = XCSwiftPackageProductDependency;
			package = 6FD68E9D2A70ECF00091F861 /* XCRemoteSwiftPackageReference "firebase-ios-sdk" */;
			productName = FirebaseStorage;
		};
/* End XCSwiftPackageProductDependency section */
	};
	rootObject = A7288F432A47E59F00D757E1 /* Project object */;
}
